
Microsoft Visual Studio Solution File, Format Version 12.00
# Visual Studio Version 16
VisualStudioVersion = 16.0.30225.117
MinimumVisualStudioVersion = 10.0.40219.1
Project("{FAE04EC0-301F-11D3-BF4B-00C04F79EFBC}") = "WebApiDockerProject", "WebApiDockerProject.csproj", "{21385DAC-E9E2-4A1D-B7E4-4DAF7260401E}"
EndProject
Global
	GlobalSection(SolutionConfigurationPlatforms) = preSolution
		Debug|Any CPU = Debug|Any CPU
		Release|Any CPU = Release|Any CPU
	EndGlobalSection
	GlobalSection(ProjectConfigurationPlatforms) = postSolution
		{21385DAC-E9E2-4A1D-B7E4-4DAF7260401E}.Debug|Any CPU.ActiveCfg = Debug|Any CPU
		{21385DAC-E9E2-4A1D-B7E4-4DAF7260401E}.Debug|Any CPU.Build.0 = Debug|Any CPU
		{21385DAC-E9E2-4A1D-B7E4-4DAF7260401E}.Release|Any CPU.ActiveCfg = Release|Any CPU
		{21385DAC-E9E2-4A1D-B7E4-4DAF7260401E}.Release|Any CPU.Build.0 = Release|Any CPU
	EndGlobalSection
	GlobalSection(SolutionProperties) = preSolution
		HideSolutionNode = FALSE
	EndGlobalSection
	GlobalSection(ExtensibilityGlobals) = postSolution
		SolutionGuid = {9AD63884-641A-40FC-9569-7B609A977915}
	EndGlobalSection
EndGlobal
